
Microsoft Visual Studio Solution File, Format Version 12.00
# Visual Studio 15
VisualStudioVersion = 15.0.28307.645
MinimumVisualStudioVersion = 10.0.40219.1
Project("{FAE04EC0-301F-11D3-BF4B-00C04F79EFBC}") = "WcfSvcBase", "WcfSvcBase\WcfSvcBase.csproj", "{1A873A76-C885-465B-902D-5CE243AAE878}"
EndProject
Project("{FAE04EC0-301F-11D3-BF4B-00C04F79EFBC}") = "VAPIService", "VAPIService\VAPIService.csproj", "{EA532388-387D-4929-97F8-F26D497B4B1D}"
EndProject
Project("{FAE04EC0-301F-11D3-BF4B-00C04F79EFBC}") = "VAnalSvc", "VAanalSvc\VAnalSvc.csproj", "{14C08E16-7102-4D0D-A126-67AE3D0929D2}"
EndProject
Project("{FAE04EC0-301F-11D3-BF4B-00C04F79EFBC}") = "VSearchSvc", "VSearchSvc\VSearchSvc.csproj", "{8B569063-A490-4770-BF17-8006244FB0C7}"
EndProject
Project("{FAE04EC0-301F-11D3-BF4B-00C04F79EFBC}") = "DataContracts", "DataContracts\DataContracts.csproj", "{5AE08A21-121D-4B3C-B751-010D0B06333E}"
EndProject
Project("{FAE04EC0-301F-11D3-BF4B-00C04F79EFBC}") = "DataBase", "DataBase\DataBase.csproj", "{740B3D7A-F772-4DE1-BA52-F3A3DC75A420}"
EndProject
Project("{FAE04EC0-301F-11D3-BF4B-00C04F79EFBC}") = "DBScanSvc", "DBScanSvc\DBScanSvc.csproj", "{14D336E3-5801-41BF-AED4-D76ABA808AC5}"
EndProject
Project("{FAE04EC0-301F-11D3-BF4B-00C04F79EFBC}") = "FrService", "FrService\FrService.csproj", "{FA2F46DE-B70D-41B1-899C-1282A8F634B1}"
EndProject
Project("{FAE04EC0-301F-11D3-BF4B-00C04F79EFBC}") = "KistService", "KistService\KistService.csproj", "{FFDF004D-C5B6-43C7-BF87-B8F1DB5224D4}"
EndProject
Project("{FAE04EC0-301F-11D3-BF4B-00C04F79EFBC}") = "FaceMeService", "FaceMeService\FaceMeService.csproj", "{AA511098-E024-422B-B1F7-0B3B2DD3375A}"
EndProject
Project("{8BC9CEB8-8B4A-11D0-8D11-00A0C91BC942}") = "LibFaceMe", "LibFaceMe\LibFaceMe.vcxproj", "{72417795-5ACE-41E6-AD12-62E8C9BF68E1}"
EndProject
Project("{8BC9CEB8-8B4A-11D0-8D11-00A0C91BC942}") = "LibFaceMeSDK", "LibFaceMeSDK\LibFaceMeSDK.vcxproj", "{483744FF-69BE-4FAF-B63F-78C3667BDDAD}"
EndProject
Project("{8BC9CEB8-8B4A-11D0-8D11-00A0C91BC942}") = "libfacematcher", "..\..\kist\guardian\FRSPackage\libfacematcher\libfacematcher.vcxproj", "{2BBBB53D-004F-4189-8990-15979D1E4D96}"
EndProject
Project("{FAE04EC0-301F-11D3-BF4B-00C04F79EFBC}") = "DBScanSvc2", "DBScanSvc2\DBScanSvc2.csproj", "{3E0DF8DB-25F0-4A09-977C-8EB46D1D0D18}"
EndProject
Project("{FAE04EC0-301F-11D3-BF4B-00C04F79EFBC}") = "FrService2", "FrService2\FrService2.csproj", "{6225D9DB-C61B-46A8-9621-0B89727AC85D}"
EndProject
Project("{FAE04EC0-301F-11D3-BF4B-00C04F79EFBC}") = "SafrService", "SafrService\SafrService.csproj", "{5ECEEE19-3A3F-4F90-939C-06F6C4EF1068}"
EndProject
Global
	GlobalSection(SolutionConfigurationPlatforms) = preSolution
		Debug|Any CPU = Debug|Any CPU
		Debug|x64 = Debug|x64
		Debug|x86 = Debug|x86
		Release|Any CPU = Release|Any CPU
		Release|x64 = Release|x64
		Release|x86 = Release|x86
	EndGlobalSection
	GlobalSection(ProjectConfigurationPlatforms) = postSolution
		{1A873A76-C885-465B-902D-5CE243AAE878}.Debug|Any CPU.ActiveCfg = Debug|Any CPU
		{1A873A76-C885-465B-902D-5CE243AAE878}.Debug|Any CPU.Build.0 = Debug|Any CPU
		{1A873A76-C885-465B-902D-5CE243AAE878}.Debug|x64.ActiveCfg = Debug|Any CPU
		{1A873A76-C885-465B-902D-5CE243AAE878}.Debug|x64.Build.0 = Debug|Any CPU
		{1A873A76-C885-465B-902D-5CE243AAE878}.Debug|x86.ActiveCfg = Debug|Any CPU
		{1A873A76-C885-465B-902D-5CE243AAE878}.Debug|x86.Build.0 = Debug|Any CPU
		{1A873A76-C885-465B-902D-5CE243AAE878}.Release|Any CPU.ActiveCfg = Release|Any CPU
		{1A873A76-C885-465B-902D-5CE243AAE878}.Release|Any CPU.Build.0 = Release|Any CPU
		{1A873A76-C885-465B-902D-5CE243AAE878}.Release|x64.ActiveCfg = Release|Any CPU
		{1A873A76-C885-465B-902D-5CE243AAE878}.Release|x64.Build.0 = Release|Any CPU
		{1A873A76-C885-465B-902D-5CE243AAE878}.Release|x86.ActiveCfg = Release|Any CPU
		{1A873A76-C885-465B-902D-5CE243AAE878}.Release|x86.Build.0 = Release|Any CPU
		{EA532388-387D-4929-97F8-F26D497B4B1D}.Debug|Any CPU.ActiveCfg = Debug|Any CPU
		{EA532388-387D-4929-97F8-F26D497B4B1D}.Debug|Any CPU.Build.0 = Debug|Any CPU
		{EA532388-387D-4929-97F8-F26D497B4B1D}.Debug|x64.ActiveCfg = Debug|Any CPU
		{EA532388-387D-4929-97F8-F26D497B4B1D}.Debug|x64.Build.0 = Debug|Any CPU
		{EA532388-387D-4929-97F8-F26D497B4B1D}.Debug|x86.ActiveCfg = Debug|Any CPU
		{EA532388-387D-4929-97F8-F26D497B4B1D}.Debug|x86.Build.0 = Debug|Any CPU
		{EA532388-387D-4929-97F8-F26D497B4B1D}.Release|Any CPU.ActiveCfg = Release|Any CPU
		{EA532388-387D-4929-97F8-F26D497B4B1D}.Release|Any CPU.Build.0 = Release|Any CPU
		{EA532388-387D-4929-97F8-F26D497B4B1D}.Release|x64.ActiveCfg = Release|Any CPU
		{EA532388-387D-4929-97F8-F26D497B4B1D}.Release|x64.Build.0 = Release|Any CPU
		{EA532388-387D-4929-97F8-F26D497B4B1D}.Release|x86.ActiveCfg = Release|Any CPU
		{EA532388-387D-4929-97F8-F26D497B4B1D}.Release|x86.Build.0 = Release|Any CPU
		{14C08E16-7102-4D0D-A126-67AE3D0929D2}.Debug|Any CPU.ActiveCfg = Debug|Any CPU
		{14C08E16-7102-4D0D-A126-67AE3D0929D2}.Debug|Any CPU.Build.0 = Debug|Any CPU
		{14C08E16-7102-4D0D-A126-67AE3D0929D2}.Debug|x64.ActiveCfg = Debug|Any CPU
		{14C08E16-7102-4D0D-A126-67AE3D0929D2}.Debug|x64.Build.0 = Debug|Any CPU
		{14C08E16-7102-4D0D-A126-67AE3D0929D2}.Debug|x86.ActiveCfg = Debug|Any CPU
		{14C08E16-7102-4D0D-A126-67AE3D0929D2}.Debug|x86.Build.0 = Debug|Any CPU
		{14C08E16-7102-4D0D-A126-67AE3D0929D2}.Release|Any CPU.ActiveCfg = Release|Any CPU
		{14C08E16-7102-4D0D-A126-67AE3D0929D2}.Release|Any CPU.Build.0 = Release|Any CPU
		{14C08E16-7102-4D0D-A126-67AE3D0929D2}.Release|x64.ActiveCfg = Release|Any CPU
		{14C08E16-7102-4D0D-A126-67AE3D0929D2}.Release|x64.Build.0 = Release|Any CPU
		{14C08E16-7102-4D0D-A126-67AE3D0929D2}.Release|x86.ActiveCfg = Release|Any CPU
		{14C08E16-7102-4D0D-A126-67AE3D0929D2}.Release|x86.Build.0 = Release|Any CPU
		{8B569063-A490-4770-BF17-8006244FB0C7}.Debug|Any CPU.ActiveCfg = Debug|Any CPU
		{8B569063-A490-4770-BF17-8006244FB0C7}.Debug|Any CPU.Build.0 = Debug|Any CPU
		{8B569063-A490-4770-BF17-8006244FB0C7}.Debug|x64.ActiveCfg = Debug|Any CPU
		{8B569063-A490-4770-BF17-8006244FB0C7}.Debug|x64.Build.0 = Debug|Any CPU
		{8B569063-A490-4770-BF17-8006244FB0C7}.Debug|x86.ActiveCfg = Debug|Any CPU
		{8B569063-A490-4770-BF17-8006244FB0C7}.Debug|x86.Build.0 = Debug|Any CPU
		{8B569063-A490-4770-BF17-8006244FB0C7}.Release|Any CPU.ActiveCfg = Release|Any CPU
		{8B569063-A490-4770-BF17-8006244FB0C7}.Release|Any CPU.Build.0 = Release|Any CPU
		{8B569063-A490-4770-BF17-8006244FB0C7}.Release|x64.ActiveCfg = Release|Any CPU
		{8B569063-A490-4770-BF17-8006244FB0C7}.Release|x64.Build.0 = Release|Any CPU
		{8B569063-A490-4770-BF17-8006244FB0C7}.Release|x86.ActiveCfg = Release|Any CPU
		{8B569063-A490-4770-BF17-8006244FB0C7}.Release|x86.Build.0 = Release|Any CPU
		{5AE08A21-121D-4B3C-B751-010D0B06333E}.Debug|Any CPU.ActiveCfg = Debug|Any CPU
		{5AE08A21-121D-4B3C-B751-010D0B06333E}.Debug|Any CPU.Build.0 = Debug|Any CPU
		{5AE08A21-121D-4B3C-B751-010D0B06333E}.Debug|x64.ActiveCfg = Debug|Any CPU
		{5AE08A21-121D-4B3C-B751-010D0B06333E}.Debug|x64.Build.0 = Debug|Any CPU
		{5AE08A21-121D-4B3C-B751-010D0B06333E}.Debug|x86.ActiveCfg = Debug|Any CPU
		{5AE08A21-121D-4B3C-B751-010D0B06333E}.Debug|x86.Build.0 = Debug|Any CPU
		{5AE08A21-121D-4B3C-B751-010D0B06333E}.Release|Any CPU.ActiveCfg = Release|Any CPU
		{5AE08A21-121D-4B3C-B751-010D0B06333E}.Release|Any CPU.Build.0 = Release|Any CPU
		{5AE08A21-121D-4B3C-B751-010D0B06333E}.Release|x64.ActiveCfg = Release|Any CPU
		{5AE08A21-121D-4B3C-B751-010D0B06333E}.Release|x64.Build.0 = Release|Any CPU
		{5AE08A21-121D-4B3C-B751-010D0B06333E}.Release|x86.ActiveCfg = Release|Any CPU
		{5AE08A21-121D-4B3C-B751-010D0B06333E}.Release|x86.Build.0 = Release|Any CPU
		{740B3D7A-F772-4DE1-BA52-F3A3DC75A420}.Debug|Any CPU.ActiveCfg = Debug|Any CPU
		{740B3D7A-F772-4DE1-BA52-F3A3DC75A420}.Debug|Any CPU.Build.0 = Debug|Any CPU
		{740B3D7A-F772-4DE1-BA52-F3A3DC75A420}.Debug|x64.ActiveCfg = Debug|Any CPU
		{740B3D7A-F772-4DE1-BA52-F3A3DC75A420}.Debug|x64.Build.0 = Debug|Any CPU
		{740B3D7A-F772-4DE1-BA52-F3A3DC75A420}.Debug|x86.ActiveCfg = Debug|Any CPU
		{740B3D7A-F772-4DE1-BA52-F3A3DC75A420}.Debug|x86.Build.0 = Debug|Any CPU
		{740B3D7A-F772-4DE1-BA52-F3A3DC75A420}.Release|Any CPU.ActiveCfg = Release|Any CPU
		{740B3D7A-F772-4DE1-BA52-F3A3DC75A420}.Release|Any CPU.Build.0 = Release|Any CPU
		{740B3D7A-F772-4DE1-BA52-F3A3DC75A420}.Release|x64.ActiveCfg = Release|Any CPU
		{740B3D7A-F772-4DE1-BA52-F3A3DC75A420}.Release|x64.Build.0 = Release|Any CPU
		{740B3D7A-F772-4DE1-BA52-F3A3DC75A420}.Release|x86.ActiveCfg = Release|Any CPU
		{740B3D7A-F772-4DE1-BA52-F3A3DC75A420}.Release|x86.Build.0 = Release|Any CPU
		{14D336E3-5801-41BF-AED4-D76ABA808AC5}.Debug|Any CPU.ActiveCfg = Debug|Any CPU
		{14D336E3-5801-41BF-AED4-D76ABA808AC5}.Debug|Any CPU.Build.0 = Debug|Any CPU
		{14D336E3-5801-41BF-AED4-D76ABA808AC5}.Debug|x64.ActiveCfg = Debug|Any CPU
		{14D336E3-5801-41BF-AED4-D76ABA808AC5}.Debug|x64.Build.0 = Debug|Any CPU
		{14D336E3-5801-41BF-AED4-D76ABA808AC5}.Debug|x86.ActiveCfg = Debug|Any CPU
		{14D336E3-5801-41BF-AED4-D76ABA808AC5}.Debug|x86.Build.0 = Debug|Any CPU
		{14D336E3-5801-41BF-AED4-D76ABA808AC5}.Release|Any CPU.ActiveCfg = Release|Any CPU
		{14D336E3-5801-41BF-AED4-D76ABA808AC5}.Release|Any CPU.Build.0 = Release|Any CPU
		{14D336E3-5801-41BF-AED4-D76ABA808AC5}.Release|x64.ActiveCfg = Release|Any CPU
		{14D336E3-5801-41BF-AED4-D76ABA808AC5}.Release|x64.Build.0 = Release|Any CPU
		{14D336E3-5801-41BF-AED4-D76ABA808AC5}.Release|x86.ActiveCfg = Release|Any CPU
		{14D336E3-5801-41BF-AED4-D76ABA808AC5}.Release|x86.Build.0 = Release|Any CPU
		{FA2F46DE-B70D-41B1-899C-1282A8F634B1}.Debug|Any CPU.ActiveCfg = Debug|Any CPU
		{FA2F46DE-B70D-41B1-899C-1282A8F634B1}.Debug|Any CPU.Build.0 = Debug|Any CPU
		{FA2F46DE-B70D-41B1-899C-1282A8F634B1}.Debug|x64.ActiveCfg = Debug|Any CPU
		{FA2F46DE-B70D-41B1-899C-1282A8F634B1}.Debug|x64.Build.0 = Debug|Any CPU
		{FA2F46DE-B70D-41B1-899C-1282A8F634B1}.Debug|x86.ActiveCfg = Debug|Any CPU
		{FA2F46DE-B70D-41B1-899C-1282A8F634B1}.Debug|x86.Build.0 = Debug|Any CPU
		{FA2F46DE-B70D-41B1-899C-1282A8F634B1}.Release|Any CPU.ActiveCfg = Release|Any CPU
		{FA2F46DE-B70D-41B1-899C-1282A8F634B1}.Release|Any CPU.Build.0 = Release|Any CPU
		{FA2F46DE-B70D-41B1-899C-1282A8F634B1}.Release|x64.ActiveCfg = Release|Any CPU
		{FA2F46DE-B70D-41B1-899C-1282A8F634B1}.Release|x64.Build.0 = Release|Any CPU
		{FA2F46DE-B70D-41B1-899C-1282A8F634B1}.Release|x86.ActiveCfg = Release|Any CPU
		{FA2F46DE-B70D-41B1-899C-1282A8F634B1}.Release|x86.Build.0 = Release|Any CPU
		{FFDF004D-C5B6-43C7-BF87-B8F1DB5224D4}.Debug|Any CPU.ActiveCfg = Debug|Any CPU
		{FFDF004D-C5B6-43C7-BF87-B8F1DB5224D4}.Debug|Any CPU.Build.0 = Debug|Any CPU
		{FFDF004D-C5B6-43C7-BF87-B8F1DB5224D4}.Debug|x64.ActiveCfg = Debug|Any CPU
		{FFDF004D-C5B6-43C7-BF87-B8F1DB5224D4}.Debug|x64.Build.0 = Debug|Any CPU
		{FFDF004D-C5B6-43C7-BF87-B8F1DB5224D4}.Debug|x86.ActiveCfg = Debug|Any CPU
		{FFDF004D-C5B6-43C7-BF87-B8F1DB5224D4}.Debug|x86.Build.0 = Debug|Any CPU
		{FFDF004D-C5B6-43C7-BF87-B8F1DB5224D4}.Release|Any CPU.ActiveCfg = Release|Any CPU
		{FFDF004D-C5B6-43C7-BF87-B8F1DB5224D4}.Release|Any CPU.Build.0 = Release|Any CPU
		{FFDF004D-C5B6-43C7-BF87-B8F1DB5224D4}.Release|x64.ActiveCfg = Release|Any CPU
		{FFDF004D-C5B6-43C7-BF87-B8F1DB5224D4}.Release|x64.Build.0 = Release|Any CPU
		{FFDF004D-C5B6-43C7-BF87-B8F1DB5224D4}.Release|x86.ActiveCfg = Release|Any CPU
		{FFDF004D-C5B6-43C7-BF87-B8F1DB5224D4}.Release|x86.Build.0 = Release|Any CPU
		{AA511098-E024-422B-B1F7-0B3B2DD3375A}.Debug|Any CPU.ActiveCfg = Debug|Any CPU
		{AA511098-E024-422B-B1F7-0B3B2DD3375A}.Debug|Any CPU.Build.0 = Debug|Any CPU
		{AA511098-E024-422B-B1F7-0B3B2DD3375A}.Debug|x64.ActiveCfg = Debug|Any CPU
		{AA511098-E024-422B-B1F7-0B3B2DD3375A}.Debug|x64.Build.0 = Debug|Any CPU
		{AA511098-E024-422B-B1F7-0B3B2DD3375A}.Debug|x86.ActiveCfg = Debug|Any CPU
		{AA511098-E024-422B-B1F7-0B3B2DD3375A}.Debug|x86.Build.0 = Debug|Any CPU
		{AA511098-E024-422B-B1F7-0B3B2DD3375A}.Release|Any CPU.ActiveCfg = Release|Any CPU
		{AA511098-E024-422B-B1F7-0B3B2DD3375A}.Release|Any CPU.Build.0 = Release|Any CPU
		{AA511098-E024-422B-B1F7-0B3B2DD3375A}.Release|x64.ActiveCfg = Release|Any CPU
		{AA511098-E024-422B-B1F7-0B3B2DD3375A}.Release|x64.Build.0 = Release|Any CPU
		{AA511098-E024-422B-B1F7-0B3B2DD3375A}.Release|x86.ActiveCfg = Release|Any CPU
		{AA511098-E024-422B-B1F7-0B3B2DD3375A}.Release|x86.Build.0 = Release|Any CPU
		{72417795-5ACE-41E6-AD12-62E8C9BF68E1}.Debug|Any CPU.ActiveCfg = Debug|Win32
		{72417795-5ACE-41E6-AD12-62E8C9BF68E1}.Debug|x64.ActiveCfg = Debug|x64
		{72417795-5ACE-41E6-AD12-62E8C9BF68E1}.Debug|x64.Build.0 = Debug|x64
		{72417795-5ACE-41E6-AD12-62E8C9BF68E1}.Debug|x86.ActiveCfg = Debug|Win32
		{72417795-5ACE-41E6-AD12-62E8C9BF68E1}.Debug|x86.Build.0 = Debug|Win32
		{72417795-5ACE-41E6-AD12-62E8C9BF68E1}.Release|Any CPU.ActiveCfg = Release|Win32
		{72417795-5ACE-41E6-AD12-62E8C9BF68E1}.Release|x64.ActiveCfg = Release|x64
		{72417795-5ACE-41E6-AD12-62E8C9BF68E1}.Release|x64.Build.0 = Release|x64
		{72417795-5ACE-41E6-AD12-62E8C9BF68E1}.Release|x86.ActiveCfg = Release|Win32
		{72417795-5ACE-41E6-AD12-62E8C9BF68E1}.Release|x86.Build.0 = Release|Win32
		{483744FF-69BE-4FAF-B63F-78C3667BDDAD}.Debug|Any CPU.ActiveCfg = Debug|Win32
		{483744FF-69BE-4FAF-B63F-78C3667BDDAD}.Debug|x64.ActiveCfg = Debug|x64
		{483744FF-69BE-4FAF-B63F-78C3667BDDAD}.Debug|x64.Build.0 = Debug|x64
		{483744FF-69BE-4FAF-B63F-78C3667BDDAD}.Debug|x86.ActiveCfg = Debug|Win32
		{483744FF-69BE-4FAF-B63F-78C3667BDDAD}.Debug|x86.Build.0 = Debug|Win32
		{483744FF-69BE-4FAF-B63F-78C3667BDDAD}.Release|Any CPU.ActiveCfg = Release|Win32
		{483744FF-69BE-4FAF-B63F-78C3667BDDAD}.Release|x64.ActiveCfg = Release|x64
		{483744FF-69BE-4FAF-B63F-78C3667BDDAD}.Release|x64.Build.0 = Release|x64
		{483744FF-69BE-4FAF-B63F-78C3667BDDAD}.Release|x86.ActiveCfg = Release|Win32
		{483744FF-69BE-4FAF-B63F-78C3667BDDAD}.Release|x86.Build.0 = Release|Win32
		{2BBBB53D-004F-4189-8990-15979D1E4D96}.Debug|Any CPU.ActiveCfg = Debug|Win32
		{2BBBB53D-004F-4189-8990-15979D1E4D96}.Debug|x64.ActiveCfg = Debug|x64
		{2BBBB53D-004F-4189-8990-15979D1E4D96}.Debug|x64.Build.0 = Debug|x64
		{2BBBB53D-004F-4189-8990-15979D1E4D96}.Debug|x86.ActiveCfg = Debug|Win32
		{2BBBB53D-004F-4189-8990-15979D1E4D96}.Debug|x86.Build.0 = Debug|Win32
		{2BBBB53D-004F-4189-8990-15979D1E4D96}.Release|Any CPU.ActiveCfg = Release|Win32
		{2BBBB53D-004F-4189-8990-15979D1E4D96}.Release|x64.ActiveCfg = Release|x64
		{2BBBB53D-004F-4189-8990-15979D1E4D96}.Release|x64.Build.0 = Release|x64
		{2BBBB53D-004F-4189-8990-15979D1E4D96}.Release|x86.ActiveCfg = Release|Win32
		{2BBBB53D-004F-4189-8990-15979D1E4D96}.Release|x86.Build.0 = Release|Win32
		{3E0DF8DB-25F0-4A09-977C-8EB46D1D0D18}.Debug|Any CPU.ActiveCfg = Debug|Any CPU
		{3E0DF8DB-25F0-4A09-977C-8EB46D1D0D18}.Debug|Any CPU.Build.0 = Debug|Any CPU
		{3E0DF8DB-25F0-4A09-977C-8EB46D1D0D18}.Debug|x64.ActiveCfg = Debug|Any CPU
		{3E0DF8DB-25F0-4A09-977C-8EB46D1D0D18}.Debug|x64.Build.0 = Debug|Any CPU
		{3E0DF8DB-25F0-4A09-977C-8EB46D1D0D18}.Debug|x86.ActiveCfg = Debug|Any CPU
		{3E0DF8DB-25F0-4A09-977C-8EB46D1D0D18}.Debug|x86.Build.0 = Debug|Any CPU
		{3E0DF8DB-25F0-4A09-977C-8EB46D1D0D18}.Release|Any CPU.ActiveCfg = Release|Any CPU
		{3E0DF8DB-25F0-4A09-977C-8EB46D1D0D18}.Release|Any CPU.Build.0 = Release|Any CPU
		{3E0DF8DB-25F0-4A09-977C-8EB46D1D0D18}.Release|x64.ActiveCfg = Release|Any CPU
		{3E0DF8DB-25F0-4A09-977C-8EB46D1D0D18}.Release|x64.Build.0 = Release|Any CPU
		{3E0DF8DB-25F0-4A09-977C-8EB46D1D0D18}.Release|x86.ActiveCfg = Release|Any CPU
		{3E0DF8DB-25F0-4A09-977C-8EB46D1D0D18}.Release|x86.Build.0 = Release|Any CPU
		{6225D9DB-C61B-46A8-9621-0B89727AC85D}.Debug|Any CPU.ActiveCfg = Debug|Any CPU
		{6225D9DB-C61B-46A8-9621-0B89727AC85D}.Debug|Any CPU.Build.0 = Debug|Any CPU
		{6225D9DB-C61B-46A8-9621-0B89727AC85D}.Debug|x64.ActiveCfg = Debug|Any CPU
		{6225D9DB-C61B-46A8-9621-0B89727AC85D}.Debug|x64.Build.0 = Debug|Any CPU
		{6225D9DB-C61B-46A8-9621-0B89727AC85D}.Debug|x86.ActiveCfg = Debug|Any CPU
		{6225D9DB-C61B-46A8-9621-0B89727AC85D}.Debug|x86.Build.0 = Debug|Any CPU
		{6225D9DB-C61B-46A8-9621-0B89727AC85D}.Release|Any CPU.ActiveCfg = Release|Any CPU
		{6225D9DB-C61B-46A8-9621-0B89727AC85D}.Release|Any CPU.Build.0 = Release|Any CPU
		{6225D9DB-C61B-46A8-9621-0B89727AC85D}.Release|x64.ActiveCfg = Release|Any CPU
		{6225D9DB-C61B-46A8-9621-0B89727AC85D}.Release|x64.Build.0 = Release|Any CPU
		{6225D9DB-C61B-46A8-9621-0B89727AC85D}.Release|x86.ActiveCfg = Release|Any CPU
		{6225D9DB-C61B-46A8-9621-0B89727AC85D}.Release|x86.Build.0 = Release|Any CPU
		{5ECEEE19-3A3F-4F90-939C-06F6C4EF1068}.Debug|Any CPU.ActiveCfg = Debug|Any CPU
		{5ECEEE19-3A3F-4F90-939C-06F6C4EF1068}.Debug|Any CPU.Build.0 = Debug|Any CPU
		{5ECEEE19-3A3F-4F90-939C-06F6C4EF1068}.Debug|x64.ActiveCfg = Debug|Any CPU
		{5ECEEE19-3A3F-4F90-939C-06F6C4EF1068}.Debug|x64.Build.0 = Debug|Any CPU
		{5ECEEE19-3A3F-4F90-939C-06F6C4EF1068}.Debug|x86.ActiveCfg = Debug|Any CPU
		{5ECEEE19-3A3F-4F90-939C-06F6C4EF1068}.Debug|x86.Build.0 = Debug|Any CPU
		{5ECEEE19-3A3F-4F90-939C-06F6C4EF1068}.Release|Any CPU.ActiveCfg = Release|Any CPU
		{5ECEEE19-3A3F-4F90-939C-06F6C4EF1068}.Release|Any CPU.Build.0 = Release|Any CPU
		{5ECEEE19-3A3F-4F90-939C-06F6C4EF1068}.Release|x64.ActiveCfg = Release|Any CPU
		{5ECEEE19-3A3F-4F90-939C-06F6C4EF1068}.Release|x64.Build.0 = Release|Any CPU
		{5ECEEE19-3A3F-4F90-939C-06F6C4EF1068}.Release|x86.ActiveCfg = Release|Any CPU
		{5ECEEE19-3A3F-4F90-939C-06F6C4EF1068}.Release|x86.Build.0 = Release|Any CPU
	EndGlobalSection
	GlobalSection(SolutionProperties) = preSolution
		HideSolutionNode = FALSE
	EndGlobalSection
	GlobalSection(ExtensibilityGlobals) = postSolution
		SolutionGuid = {BA2C824D-BA99-4045-BA55-ACF2C31FFFB9}
	EndGlobalSection
EndGlobal
